Microsoft Visual Studio Solution File, Format Version 12.00
# Visual Studio Version 16
VisualStudioVersion = 16.0.29123.88
MinimumVisualStudioVersion = 10.0.40219.1
Project("{2150E333-8FDC-42A3-9474-1A3956D46DE8}") = "stuff", "stuff", "{1ABDD7C1-1F8D-402D-8692-3E4B66962DE0}"
	ProjectSection(SolutionItems) = preProject
		CHANGELOG.md = CHANGELOG.md
		CONTRIBUTING.md = CONTRIBUTING.md
		LICENSE.md = LICENSE.md
		README.md = README.md
	EndProjectSection
EndProject
Project("{9A19103F-16F7-4668-BE54-9A1E7A4F7556}") = "Rebus.Ceras", "Rebus.Ceras\Rebus.Ceras.csproj", "{9B3119FE-4BA3-49A2-A174-16E1BE73FA69}"
EndProject
Project("{9A19103F-16F7-4668-BE54-9A1E7A4F7556}") = "Rebus.Ceras.Tests", "Rebus.Ceras.Tests\Rebus.Ceras.Tests.csproj", "{2A4A3E9E-DC75-41A9-94C6-B530BC0E20FC}"
EndProject
Global
	GlobalSection(SolutionConfigurationPlatforms) = preSolution
		Debug|Any CPU = Debug|Any CPU
		Release|Any CPU = Release|Any CPU
	EndGlobalSection
	GlobalSection(ProjectConfigurationPlatforms) = postSolution
		{9B3119FE-4BA3-49A2-A174-16E1BE73FA69}.Debug|Any CPU.ActiveCfg = Debug|Any CPU
		{9B3119FE-4BA3-49A2-A174-16E1BE73FA69}.Debug|Any CPU.Build.0 = Debug|Any CPU
		{9B3119FE-4BA3-49A2-A174-16E1BE73FA69}.Release|Any CPU.ActiveCfg = Release|Any CPU
		{9B3119FE-4BA3-49A2-A174-16E1BE73FA69}.Release|Any CPU.Build.0 = Release|Any CPU
		{2A4A3E9E-DC75-41A9-94C6-B530BC0E20FC}.Debug|Any CPU.ActiveCfg = Debug|Any CPU
		{2A4A3E9E-DC75-41A9-94C6-B530BC0E20FC}.Debug|Any CPU.Build.0 = Debug|Any CPU
		{2A4A3E9E-DC75-41A9-94C6-B530BC0E20FC}.Release|Any CPU.ActiveCfg = Release|Any CPU
		{2A4A3E9E-DC75-41A9-94C6-B530BC0E20FC}.Release|Any CPU.Build.0 = Release|Any CPU
	EndGlobalSection
	GlobalSection(SolutionProperties) = preSolution
		HideSolutionNode = FALSE
	EndGlobalSection
	GlobalSection(ExtensibilityGlobals) = postSolution
		SolutionGuid = {B6F3CA25-CC41-41FE-8341-3EF6E9778B59}
	EndGlobalSection
EndGlobal
